// !$*UTF8*$!
{
	archiveVersion = 1;
	classes = {
	};
	objectVersion = 56;
	objects = {

/* Begin PBXBuildFile section */
		3F1430202948D47D001D4101 /* Recipe_App.swift in Sources */ = {isa = PBXBuildFile; fileRef = 3F14301F2948D47D001D4101 /* Recipe_App.swift */; };
		3F1430222948D47D001D4101 /* RecipeListView.swift in Sources */ = {isa = PBXBuildFile; fileRef = 3F1430212948D47D001D4101 /* RecipeListView.swift */; };
		3F1430242948D47F001D4101 /* Assets.xcassets in Resources */ = {isa = PBXBuildFile; fileRef = 3F1430232948D47F001D4101 /* Assets.xcassets */; };
		3F1430272948D47F001D4101 /* Preview Assets.xcassets in Resources */ = {isa = PBXBuildFile; fileRef = 3F1430262948D47F001D4101 /* Preview Assets.xcassets */; };
		3F1430332948DAB1001D4101 /* recipes.json in Resources */ = {isa = PBXBuildFile; fileRef = 3F1430322948DAB0001D4101 /* recipes.json */; };
		3F1430352948DCF8001D4101 /* recipe.swift in Sources */ = {isa = PBXBuildFile; fileRef = 3F1430342948DCF8001D4101 /* recipe.swift */; };
		3F1430372948E0AD001D4101 /* RecipeModel.swift in Sources */ = {isa = PBXBuildFile; fileRef = 3F1430362948E0AD001D4101 /* RecipeModel.swift */; };
		3F1430392948E235001D4101 /* DataService.swift in Sources */ = {isa = PBXBuildFile; fileRef = 3F1430382948E235001D4101 /* DataService.swift */; };
		3F2E1DD52949F06D00A9D40D /* RecipeDetaileView.swift in Sources */ = {isa = PBXBuildFile; fileRef = 3F2E1DD42949F06D00A9D40D /* RecipeDetaileView.swift */; };
/* End PBXBuildFile section */

/* Begin PBXFileReference section */
		3F14301C2948D47D001D4101 /* Recipe App.app */ = {isa = PBXFileReference; explicitFileType = wrapper.application; includeInIndex = 0; path = "Recipe App.app"; sourceTree = BUILT_PRODUCTS_DIR; };
		3F14301F2948D47D001D4101 /* Recipe_App.swift */ = {isa = PBXFileReference; lastKnownFileType = sourcecode.swift; path = Recipe_App.swift; sourceTree = "<group>"; };
		3F1430212948D47D001D4101 /* RecipeListView.swift */ = {isa = PBXFileReference; lastKnownFileType = sourcecode.swift; path = RecipeListView.swift; sourceTree = "<group>"; };
		3F1430232948D47F001D4101 /* Assets.xcassets */ = {isa = PBXFileReference; lastKnownFileType = folder.assetcatalog; path = Assets.xcassets; sourceTree = "<group>"; };
		3F1430262948D47F001D4101 /* Preview Assets.xcassets */ = {isa = PBXFileReference; lastKnownFileType = folder.assetcatalog; path = "Preview Assets.xcassets"; sourceTree = "<group>"; };
		3F1430322948DAB0001D4101 /* recipes.json */ = {isa = PBXFileReference; lastKnownFileType = text.json; path = recipes.json; sourceTree = "<group>"; };
		3F1430342948DCF8001D4101 /* recipe.swift */ = {isa = PBXFileReference; lastKnownFileType = sourcecode.swift; path = recipe.swift; sourceTree = "<group>"; };
		3F1430362948E0AD001D4101 /* RecipeModel.swift */ = {isa = PBXFileReference; lastKnownFileType = sourcecode.swift; path = RecipeModel.swift; sourceTree = "<group>"; };
		3F1430382948E235001D4101 /* DataService.swift */ = {isa = PBXFileReference; lastKnownFileType = sourcecode.swift; path = DataService.swift; sourceTree = "<group>"; };
		3F2E1DD42949F06D00A9D40D /* RecipeDetaileView.swift */ = {isa = PBXFileReference; lastKnownFileType = sourcecode.swift; path = RecipeDetaileView.swift; sourceTree = "<group>"; };
/* End PBXFileReference section */

/* Begin PBXFrameworksBuildPhase section */
		3F1430192948D47D001D4101 /* Frameworks */ = {
			isa = PBXFrameworksBuildPhase;
			buildActionMask = 2147483647;
			files = (
			);
			runOnlyForDeploymentPostprocessing = 0;
		};
/* End PBXFrameworksBuildPhase section */

/* Begin PBXGroup section */
		3F1430132948D47D001D4101 = {
			isa = PBXGroup;
			children = (
				3F14301E2948D47D001D4101 /* Recipe App */,
				3F14301D2948D47D001D4101 /* Products */,
			);
			sourceTree = "<group>";
		};
		3F14301D2948D47D001D4101 /* Products */ = {
			isa = PBXGroup;
			children = (
				3F14301C2948D47D001D4101 /* Recipe App.app */,
			);
			name = Products;
			sourceTree = "<group>";
		};
		3F14301E2948D47D001D4101 /* Recipe App */ = {
			isa = PBXGroup;
			children = (
				3F14301F2948D47D001D4101 /* Recipe_App.swift */,
				3F14302D2948D4C0001D4101 /* Views */,
				3F14302E2948D4C8001D4101 /* ViewModels */,
				3F14302F2948D4D6001D4101 /* Models */,
				3F1430312948D96F001D4101 /* Services */,
				3F1430302948D966001D4101 /* Data */,
				3F1430232948D47F001D4101 /* Assets.xcassets */,
				3F1430252948D47F001D4101 /* Preview Content */,
			);
			path = "Recipe App";
			sourceTree = "<group>";
		};
		3F1430252948D47F001D4101 /* Preview Content */ = {
			isa = PBXGroup;
			children = (
				3F1430262948D47F001D4101 /* Preview Assets.xcassets */,
			);
			path = "Preview Content";
			sourceTree = "<group>";
		};
		3F14302D2948D4C0001D4101 /* Views */ = {
			isa = PBXGroup;
			children = (
				3F1430212948D47D001D4101 /* RecipeListView.swift */,
				3F2E1DD42949F06D00A9D40D /* RecipeDetaileView.swift */,
			);
			path = Views;
			sourceTree = "<group>";
		};
		3F14302E2948D4C8001D4101 /* ViewModels */ = {
			isa = PBXGroup;
			children = (
				3F1430362948E0AD001D4101 /* RecipeModel.swift */,
			);
			path = ViewModels;
			sourceTree = "<group>";
		};
		3F14302F2948D4D6001D4101 /* Models */ = {
			isa = PBXGroup;
			children = (
				3F1430342948DCF8001D4101 /* recipe.swift */,
			);
			path = Models;
			sourceTree = "<group>";
		};
		3F1430302948D966001D4101 /* Data */ = {
			isa = PBXGroup;
			children = (
				3F1430322948DAB0001D4101 /* recipes.json */,
			);
			path = Data;
			sourceTree = "<group>";
		};
		3F1430312948D96F001D4101 /* Services */ = {
			isa = PBXGroup;
			children = (
				3F1430382948E235001D4101 /* DataService.swift */,
			);
			path = Services;
			sourceTree = "<group>";
		};
/* End PBXGroup section */

/* Begin PBXNativeTarget section */
		3F14301B2948D47D001D4101 /* Recipe App */ = {
			isa = PBXNativeTarget;
			buildConfigurationList = 3F14302A2948D47F001D4101 /* Build configuration list for PBXNativeTarget "Recipe App" */;
			buildPhases = (
				3F1430182948D47D001D4101 /* Sources */,
				3F1430192948D47D001D4101 /* Frameworks */,
				3F14301A2948D47D001D4101 /* Resources */,
			);
			buildRules = (
			);
			dependencies = (
			);
			name = "Recipe App";
			productName = "Recipe App";
			productReference = 3F14301C2948D47D001D4101 /* Recipe App.app */;
			productType = "com.apple.product-type.application";
		};
/* End PBXNativeTarget section */

/* Begin PBXProject section */
		3F1430142948D47D001D4101 /* Project object */ = {
			isa = PBXProject;
			attributes = {
				BuildIndependentTargetsInParallel = 1;
				LastSwiftUpdateCheck = 1410;
				LastUpgradeCheck = 1410;
				TargetAttributes = {
					3F14301B2948D47D001D4101 = {
						CreatedOnToolsVersion = 14.1;
					};
				};
			};
			buildConfigurationList = 3F1430172948D47D001D4101 /* Build configuration list for PBXProject "Recipe App" */;
			compatibilityVersion = "Xcode 14.0";
			developmentRegion = en;
			hasScannedForEncodings = 0;
			knownRegions = (
				en,
				Base,
			);
			mainGroup = 3F1430132948D47D001D4101;
			productRefGroup = 3F14301D2948D47D001D4101 /* Products */;
			projectDirPath = "";
			projectRoot = "";
			targets = (
				3F14301B2948D47D001D4101 /* Recipe App */,
			);
		};
/* End PBXProject section */

/* Begin PBXResourcesBuildPhase section */
		3F14301A2948D47D001D4101 /* Resources */ = {
			isa = PBXResourcesBuildPhase;
			buildActionMask = 2147483647;
			files = (
				3F1430272948D47F001D4101 /* Preview Assets.xcassets in Resources */,
				3F1430332948DAB1001D4101 /* recipes.json in Resources */,
				3F1430242948D47F001D4101 /* Assets.xcassets in Resources */,
			);
			runOnlyForDeploymentPostprocessing = 0;
		};
/* End PBXResourcesBuildPhase section */

/* Begin PBXSourcesBuildPhase section */
		3F1430182948D47D001D4101 /* Sources */ = {
			isa = PBXSourcesBuildPhase;
			buildActionMask = 2147483647;
			files = (
				3F1430352948DCF8001D4101 /* recipe.swift in Sources */,
				3F2E1DD52949F06D00A9D40D /* RecipeDetaileView.swift in Sources */,
				3F1430372948E0AD001D4101 /* RecipeModel.swift in Sources */,
				3F1430222948D47D001D4101 /* RecipeListView.swift in Sources */,
				3F1430202948D47D001D4101 /* Recipe_App.swift in Sources */,
				3F1430392948E235001D4101 /* DataService.swift in Sources */,
			);
			runOnlyForDeploymentPostprocessing = 0;
		};
/* End PBXSourcesBuildPhase section */

/* Begin XCBuildConfiguration section */
		3F1430282948D47F001D4101 /* Debug */ = {
			isa = XCBuildConfiguration;
			buildSettings = {
				ALWAYS_SEARCH_USER_PATHS = NO;
				CLANG_ANALYZER_NONNULL = YES;
				CLANG_ANALYZER_NUMBER_OBJECT_CONVERSION = YES_AGGRESSIVE;
				CLANG_CXX_LANGUAGE_STANDARD = "gnu++20";
				CLANG_ENABLE_MODULES = YES;
				CLANG_ENABLE_OBJC_ARC = YES;
				CLANG_ENABLE_OBJC_WEAK = YES;
				CLANG_WARN_BLOCK_CAPTURE_AUTORELEASING = YES;
				CLANG_WARN_BOOL_CONVERSION = YES;
				CLANG_WARN_COMMA = YES;
				CLANG_WARN_CONSTANT_CONVERSION = YES;
				CLANG_WARN_DEPRECATED_OBJC_IMPLEMENTATIONS = YES;
				CLANG_WARN_DIRECT_OBJC_ISA_USAGE = YES_ERROR;
				CLANG_WARN_DOCUMENTATION_COMMENTS = YES;
				CLANG_WARN_EMPTY_BODY = YES;
				CLANG_WARN_ENUM_CONVERSION = YES;
				CLANG_WARN_INFINITE_RECURSION = YES;
				CLANG_WARN_INT_CONVERSION = YES;
				CLANG_WARN_NON_LITERAL_NULL_CONVERSION = YES;
				CLANG_WARN_OBJC_IMPLICIT_RETAIN_SELF = YES;
				CLANG_WARN_OBJC_LITERAL_CONVERSION = YES;
				CLANG_WARN_OBJC_ROOT_CLASS = YES_ERROR;
				CLANG_WARN_QUOTED_INCLUDE_IN_FRAMEWORK_HEADER = YES;
				CLANG_WARN_RANGE_LOOP_ANALYSIS = YES;
				CLANG_WARN_STRICT_PROTOTYPES = YES;
				CLANG_WARN_SUSPICIOUS_MOVE = YES;
				CLANG_WARN_UNGUARDED_AVAILABILITY = YES_AGGRESSIVE;
				CLANG_WARN_UNREACHABLE_CODE = YES;
				CLANG_WARN__DUPLICATE_METHOD_MATCH = YES;
				COPY_PHASE_STRIP = NO;
				DEBUG_INFORMATION_FORMAT = dwarf;
				ENABLE_STRICT_OBJC_MSGSEND = YES;
				ENABLE_TESTABILITY = YES;
				GCC_C_LANGUAGE_STANDARD = gnu11;
				GCC_DYNAMIC_NO_PIC = NO;
				GCC_NO_COMMON_BLOCKS = YES;
				GCC_OPTIMIZATION_LEVEL = 0;
				GCC_PREPROCESSOR_DEFINITIONS = (
					"DEBUG=1",
					"$(inherited)",
				);
				GCC_WARN_64_TO_32_BIT_CONVERSION = YES;
				GCC_WARN_ABOUT_RETURN_TYPE = YES_ERROR;
				GCC_WARN_UNDECLARED_SELECTOR = YES;
				GCC_WARN_UNINITIALIZED_AUTOS = YES_AGGRESSIVE;
				GCC_WARN_UNUSED_FUNCTION = YES;
				GCC_WARN_UNUSED_VARIABLE = YES;
				IPHONEOS_DEPLOYMENT_TARGET = 16.1;
				MTL_ENABLE_DEBUG_INFO = INCLUDE_SOURCE;
				MTL_FAST_MATH = YES;
				ONLY_ACTIVE_ARCH = YES;
				SDKROOT = iphoneos;
				SWIFT_ACTIVE_COMPILATION_CONDITIONS = DEBUG;
				SWIFT_OPTIMIZATION_LEVEL = "-Onone";
			};
			name = Debug;
		};
		3F1430292948D47F001D4101 /* Release */ = {
			isa = XCBuildConfiguration;
			buildSettings = {
				ALWAYS_SEARCH_USER_PATHS = NO;
				CLANG_ANALYZER_NONNULL = YES;
				CLANG_ANALYZER_NUMBER_OBJECT_CONVERSION = YES_AGGRESSIVE;
				CLANG_CXX_LANGUAGE_STANDARD = "gnu++20";
				CLANG_ENABLE_MODULES = YES;
				CLANG_ENABLE_OBJC_ARC = YES;
				CLANG_ENABLE_OBJC_WEAK = YES;
				CLANG_WARN_BLOCK_CAPTURE_AUTORELEASING = YES;
				CLANG_WARN_BOOL_CONVERSION = YES;
				CLANG_WARN_COMMA = YES;
				CLANG_WARN_CONSTANT_CONVERSION = YES;
				CLANG_WARN_DEPRECATED_OBJC_IMPLEMENTATIONS = YES;
				CLANG_WARN_DIRECT_OBJC_ISA_USAGE = YES_ERROR;
				CLANG_WARN_DOCUMENTATION_COMMENTS = YES;
				CLANG_WARN_EMPTY_BODY = YES;
				CLANG_WARN_ENUM_CONVERSION = YES;
				CLANG_WARN_INFINITE_RECURSION = YES;
				CLANG_WARN_INT_CONVERSION = YES;
				CLANG_WARN_NON_LITERAL_NULL_CONVERSION = YES;
				CLANG_WARN_OBJC_IMPLICIT_RETAIN_SELF = YES;
				CLANG_WARN_OBJC_LITERAL_CONVERSION = YES;
				CLANG_WARN_OBJC_ROOT_CLASS = YES_ERROR;
				CLANG_WARN_QUOTED_INCLUDE_IN_FRAMEWORK_HEADER = YES;
				CLANG_WARN_RANGE_LOOP_ANALYSIS = YES;
				CLANG_WARN_STRICT_PROTOTYPES = YES;
				CLANG_WARN_SUSPICIOUS_MOVE = YES;
				CLANG_WARN_UNGUARDED_AVAILABILITY = YES_AGGRESSIVE;
				CLANG_WARN_UNREACHABLE_CODE = YES;
				CLANG_WARN__DUPLICATE_METHOD_MATCH = YES;
				COPY_PHASE_STRIP = NO;
				DEBUG_INFORMATION_FORMAT = "dwarf-with-dsym";
				ENABLE_NS_ASSERTIONS = NO;
				ENABLE_STRICT_OBJC_MSGSEND = YES;
				GCC_C_LANGUAGE_STANDARD = gnu11;
				GCC_NO_COMMON_BLOCKS = YES;
				GCC_WARN_64_TO_32_BIT_CONVERSION = YES;
				GCC_WARN_ABOUT_RETURN_TYPE = YES_ERROR;
				GCC_WARN_UNDECLARED_SELECTOR = YES;
				GCC_WARN_UNINITIALIZED_AUTOS = YES_AGGRESSIVE;
				GCC_WARN_UNUSED_FUNCTION = YES;
				GCC_WARN_UNUSED_VARIABLE = YES;
				IPHONEOS_DEPLOYMENT_TARGET = 16.1;
				MTL_ENABLE_DEBUG_INFO = NO;
				MTL_FAST_MATH = YES;
				SDKROOT = iphoneos;
				SWIFT_COMPILATION_MODE = wholemodule;
				SWIFT_OPTIMIZATION_LEVEL = "-O";
				VALIDATE_PRODUCT = YES;
			};
			name = Release;
		};
		3F14302B2948D47F001D4101 /* Debug */ = {
			isa = XCBuildConfiguration;
			buildSettings = {
				ASSETCATALOG_COMPILER_APPICON_NAME = AppIcon;
				ASSETCATALOG_COMPILER_GLOBAL_ACCENT_COLOR_NAME = AccentColor;
				CODE_SIGN_STYLE = Automatic;
				CURRENT_PROJECT_VERSION = 1;
				DEVELOPMENT_ASSET_PATHS = "\"Recipe App/Preview Content\"";
				DEVELOPMENT_TEAM = DN6L97BACN;
				ENABLE_PREVIEWS = YES;
				GENERATE_INFOPLIST_FILE = YES;
				INFOPLIST_KEY_UIApplicationSceneManifest_Generation = YES;
				INFOPLIST_KEY_UIApplicationSupportsIndirectInputEvents = YES;
				INFOPLIST_KEY_UILaunchScreen_Generation = YES;
				INFOPLIST_KEY_UISupportedInterfaceOrientations_iPad = "UIInterfaceOrientationPortrait UIInterfaceOrientationPortraitUpsideDown UIInterfaceOrientationLandscapeLeft UIInterfaceOrientationLandscapeRight";
				INFOPLIST_KEY_UISupportedInterfaceOrientations_iPhone = "UIInterfaceOrientationPortrait UIInterfaceOrientationLandscapeLeft UIInterfaceOrientationLandscapeRight";
				LD_RUNPATH_SEARCH_PATHS = (
					"$(inherited)",
					"@executable_path/Frameworks",
				);
				MARKETING_VERSION = 1.0;
				PRODUCT_BUNDLE_IDENTIFIER = "com.mubashir.Recipe-App";
				PRODUCT_NAME = "$(TARGET_NAME)";
				SWIFT_EMIT_LOC_STRINGS = YES;
				SWIFT_VERSION = 5.0;
				TARGETED_DEVICE_FAMILY = "1,2";
			};
			name = Debug;
		};
		3F14302C2948D47F001D4101 /* Release */ = {
			isa = XCBuildConfiguration;
			buildSettings = {
				ASSETCATALOG_COMPILER_APPICON_NAME = AppIcon;
				ASSETCATALOG_COMPILER_GLOBAL_ACCENT_COLOR_NAME = AccentColor;
				CODE_SIGN_STYLE = Automatic;
				CURRENT_PROJECT_VERSION = 1;
				DEVELOPMENT_ASSET_PATHS = "\"Recipe App/Preview Content\"";
				DEVELOPMENT_TEAM = DN6L97BACN;
				ENABLE_PREVIEWS = YES;
				GENERATE_INFOPLIST_FILE = YES;
				INFOPLIST_KEY_UIApplicationSceneManifest_Generation = YES;
				INFOPLIST_KEY_UIApplicationSupportsIndirectInputEvents = YES;
				INFOPLIST_KEY_UILaunchScreen_Generation = YES;
				INFOPLIST_KEY_UISupportedInterfaceOrientations_iPad = "UIInterfaceOrientationPortrait UIInterfaceOrientationPortraitUpsideDown UIInterfaceOrientationLandscapeLeft UIInterfaceOrientationLandscapeRight";
				INFOPLIST_KEY_UISupportedInterfaceOrientations_iPhone = "UIInterfaceOrientationPortrait UIInterfaceOrientationLandscapeLeft UIInterfaceOrientationLandscapeRight";
				LD_RUNPATH_SEARCH_PATHS = (
					"$(inherited)",
					"@executable_path/Frameworks",
				);
				MARKETING_VERSION = 1.0;
				PRODUCT_BUNDLE_IDENTIFIER = "com.mubashir.Recipe-App";
				PRODUCT_NAME = "$(TARGET_NAME)";
				SWIFT_EMIT_LOC_STRINGS = YES;
				SWIFT_VERSION = 5.0;
				TARGETED_DEVICE_FAMILY = "1,2";
			};
			name = Release;
		};
/* End XCBuildConfiguration section */

/* Begin XCConfigurationList section */
		3F1430172948D47D001D4101 /* Build configuration list for PBXProject "Recipe App" */ = {
			isa = XCConfigurationList;
			buildConfigurations = (
				3F1430282948D47F001D4101 /* Debug */,
				3F1430292948D47F001D4101 /* Release */,
			);
			defaultConfigurationIsVisible = 0;
			defaultConfigurationName = Release;
		};
		3F14302A2948D47F001D4101 /* Build configuration list for PBXNativeTarget "Recipe App" */ = {
			isa = XCConfigurationList;
			buildConfigurations = (
				3F14302B2948D47F001D4101 /* Debug */,
				3F14302C2948D47F001D4101 /* Release */,
			);
			defaultConfigurationIsVisible = 0;
			defaultConfigurationName = Release;
		};
/* End XCConfigurationList section */
	};
	rootObject = 3F1430142948D47D001D4101 /* Project object */;
}
